// !$*UTF8*$!
{
	archiveVersion = 1;
	classes = {
	};
	objectVersion = 50;
	objects = {

/* Begin PBXBuildFile section */
		1820904C22ED2F8300EF2D3C /* listener.cpp in Sources */ = {isa = PBXBuildFile; fileRef = 1820904B22ED2F8300EF2D3C /* listener.cpp */; };
		1820904F22ED7A8B00EF2D3C /* http_session.cpp in Sources */ = {isa = PBXBuildFile; fileRef = 1820904D22ED7A8B00EF2D3C /* http_session.cpp */; };
		1831BD8A22EC8A2300180F0A /* main.cpp in Sources */ = {isa = PBXBuildFile; fileRef = 1831BD8922EC8A2300180F0A /* main.cpp */; };
/* End PBXBuildFile section */

/* Begin PBXCopyFilesBuildPhase section */
		1831BD8422EC8A2300180F0A /* CopyFiles */ = {
			isa = PBXCopyFilesBuildPhase;
			buildActionMask = 2147483647;
			dstPath = /usr/share/man/man1/;
			dstSubfolderSpec = 0;
			files = (
			);
			runOnlyForDeploymentPostprocessing = 1;
		};
/* End PBXCopyFilesBuildPhase section */

/* Begin PBXFileReference section */
		1820904B22ED2F8300EF2D3C /* listener.cpp */ = {isa = PBXFileReference; lastKnownFileType = sourcecode.cpp.cpp; path = listener.cpp; sourceTree = "<group>"; };
		1820904D22ED7A8B00EF2D3C /* http_session.cpp */ = {isa = PBXFileReference; lastKnownFileType = sourcecode.cpp.cpp; path = http_session.cpp; sourceTree = "<group>"; };
		1820904E22ED7A8B00EF2D3C /* http_session.hpp */ = {isa = PBXFileReference; lastKnownFileType = sourcecode.cpp.h; path = http_session.hpp; sourceTree = "<group>"; };
		1831BD8622EC8A2300180F0A /* beast_practice-1 */ = {isa = PBXFileReference; explicitFileType = "compiled.mach-o.executable"; includeInIndex = 0; path = "beast_practice-1"; sourceTree = BUILT_PRODUCTS_DIR; };
		1831BD8922EC8A2300180F0A /* main.cpp */ = {isa = PBXFileReference; lastKnownFileType = sourcecode.cpp.cpp; path = main.cpp; sourceTree = "<group>"; };
		1831BD9022EC8AA300180F0A /* net.hpp */ = {isa = PBXFileReference; lastKnownFileType = sourcecode.cpp.h; path = net.hpp; sourceTree = "<group>"; };
		1831BD9122EC8AF200180F0A /* beast.hpp */ = {isa = PBXFileReference; lastKnownFileType = sourcecode.cpp.h; path = beast.hpp; sourceTree = "<group>"; };
		1831BD9222EC8CEE00180F0A /* listener.h */ = {isa = PBXFileReference; lastKnownFileType = sourcecode.c.h; path = listener.h; sourceTree = "<group>"; };
/* End PBXFileReference section */

/* Begin PBXFrameworksBuildPhase section */
		1831BD8322EC8A2300180F0A /* Frameworks */ = {
			isa = PBXFrameworksBuildPhase;
			buildActionMask = 2147483647;
			files = (
			);
			runOnlyForDeploymentPostprocessing = 0;
		};
/* End PBXFrameworksBuildPhase section */

/* Begin PBXGroup section */
		1831BD7D22EC8A2300180F0A = {
			isa = PBXGroup;
			children = (
				1831BD8822EC8A2300180F0A /* beast_practice */,
				1831BD8722EC8A2300180F0A /* Products */,
			);
			sourceTree = "<group>";
		};
		1831BD8722EC8A2300180F0A /* Products */ = {
			isa = PBXGroup;
			children = (
				1831BD8622EC8A2300180F0A /* beast_practice-1 */,
			);
			name = Products;
			sourceTree = "<group>";
		};
		1831BD8822EC8A2300180F0A /* beast_practice */ = {
			isa = PBXGroup;
			children = (
				1831BD8922EC8A2300180F0A /* main.cpp */,
				1831BD9022EC8AA300180F0A /* net.hpp */,
				1831BD9122EC8AF200180F0A /* beast.hpp */,
				1831BD9222EC8CEE00180F0A /* listener.h */,
				1820904B22ED2F8300EF2D3C /* listener.cpp */,
				1820904D22ED7A8B00EF2D3C /* http_session.cpp */,
				1820904E22ED7A8B00EF2D3C /* http_session.hpp */,
			);
			path = beast_practice;
			sourceTree = "<group>";
		};
/* End PBXGroup section */

/* Begin PBXNativeTarget section */
		1831BD8522EC8A2300180F0A /* beast_practice-1 */ = {
			isa = PBXNativeTarget;
			buildConfigurationList = 1831BD8D22EC8A2300180F0A /* Build configuration list for PBXNativeTarget "beast_practice-1" */;
			buildPhases = (
				1831BD8222EC8A2300180F0A /* Sources */,
				1831BD8322EC8A2300180F0A /* Frameworks */,
				1831BD8422EC8A2300180F0A /* CopyFiles */,
			);
			buildRules = (
			);
			dependencies = (
			);
			name = "beast_practice-1";
			productName = boost_practice;
			productReference = 1831BD8622EC8A2300180F0A /* beast_practice-1 */;
			productType = "com.apple.product-type.tool";
		};
/* End PBXNativeTarget section */

/* Begin PBXProject section */
		1831BD7E22EC8A2300180F0A /* Project object */ = {
			isa = PBXProject;
			attributes = {
				LastUpgradeCheck = 1000;
				ORGANIZATIONNAME = "larry-kof";
				TargetAttributes = {
					1831BD8522EC8A2300180F0A = {
						CreatedOnToolsVersion = 10.0;
					};
				};
			};
			buildConfigurationList = 1831BD8122EC8A2300180F0A /* Build configuration list for PBXProject "beast_practice-1" */;
			compatibilityVersion = "Xcode 9.3";
			developmentRegion = en;
			hasScannedForEncodings = 0;
			knownRegions = (
				en,
			);
			mainGroup = 1831BD7D22EC8A2300180F0A;
			productRefGroup = 1831BD8722EC8A2300180F0A /* Products */;
			projectDirPath = "";
			projectRoot = "";
			targets = (
				1831BD8522EC8A2300180F0A /* beast_practice-1 */,
			);
		};
/* End PBXProject section */

/* Begin PBXSourcesBuildPhase section */
		1831BD8222EC8A2300180F0A /* Sources */ = {
			isa = PBXSourcesBuildPhase;
			buildActionMask = 2147483647;
			files = (
				1831BD8A22EC8A2300180F0A /* main.cpp in Sources */,
				1820904C22ED2F8300EF2D3C /* listener.cpp in Sources */,
				1820904F22ED7A8B00EF2D3C /* http_session.cpp in Sources */,
			);
			runOnlyForDeploymentPostprocessing = 0;
		};
/* End PBXSourcesBuildPhase section */

/* Begin XCBuildConfiguration section */
		1831BD8B22EC8A2300180F0A /* Debug */ = {
			isa = XCBuildConfiguration;
			buildSettings = {
				ALWAYS_SEARCH_USER_PATHS = NO;
				CLANG_ANALYZER_NONNULL = YES;
				CLANG_ANALYZER_NUMBER_OBJECT_CONVERSION = YES_AGGRESSIVE;
				CLANG_CXX_LANGUAGE_STANDARD = "gnu++14";
				CLANG_CXX_LIBRARY = "libc++";
				CLANG_ENABLE_MODULES = YES;
				CLANG_ENABLE_OBJC_ARC = YES;
				CLANG_ENABLE_OBJC_WEAK = YES;
				CLANG_WARN_BLOCK_CAPTURE_AUTORELEASING = YES;
				CLANG_WARN_BOOL_CONVERSION = YES;
				CLANG_WARN_COMMA = YES;
				CLANG_WARN_CONSTANT_CONVERSION = YES;
				CLANG_WARN_DEPRECATED_OBJC_IMPLEMENTATIONS = YES;
				CLANG_WARN_DIRECT_OBJC_ISA_USAGE = YES_ERROR;
				CLANG_WARN_DOCUMENTATION_COMMENTS = YES;
				CLANG_WARN_EMPTY_BODY = YES;
				CLANG_WARN_ENUM_CONVERSION = YES;
				CLANG_WARN_INFINITE_RECURSION = YES;
				CLANG_WARN_INT_CONVERSION = YES;
				CLANG_WARN_NON_LITERAL_NULL_CONVERSION = YES;
				CLANG_WARN_OBJC_IMPLICIT_RETAIN_SELF = YES;
				CLANG_WARN_OBJC_LITERAL_CONVERSION = YES;
				CLANG_WARN_OBJC_ROOT_CLASS = YES_ERROR;
				CLANG_WARN_RANGE_LOOP_ANALYSIS = YES;
				CLANG_WARN_STRICT_PROTOTYPES = YES;
				CLANG_WARN_SUSPICIOUS_MOVE = YES;
				CLANG_WARN_UNGUARDED_AVAILABILITY = YES_AGGRESSIVE;
				CLANG_WARN_UNREACHABLE_CODE = YES;
				CLANG_WARN__DUPLICATE_METHOD_MATCH = YES;
				CODE_SIGN_IDENTITY = "-";
				COPY_PHASE_STRIP = NO;
				DEBUG_INFORMATION_FORMAT = dwarf;
				ENABLE_STRICT_OBJC_MSGSEND = YES;
				ENABLE_TESTABILITY = YES;
				GCC_C_LANGUAGE_STANDARD = gnu11;
				GCC_DYNAMIC_NO_PIC = NO;
				GCC_NO_COMMON_BLOCKS = YES;
				GCC_OPTIMIZATION_LEVEL = 0;
				GCC_PREPROCESSOR_DEFINITIONS = (
					"DEBUG=1",
					"$(inherited)",
				);
				GCC_WARN_64_TO_32_BIT_CONVERSION = YES;
				GCC_WARN_ABOUT_RETURN_TYPE = YES_ERROR;
				GCC_WARN_UNDECLARED_SELECTOR = YES;
				GCC_WARN_UNINITIALIZED_AUTOS = YES_AGGRESSIVE;
				GCC_WARN_UNUSED_FUNCTION = YES;
				GCC_WARN_UNUSED_VARIABLE = YES;
				MACOSX_DEPLOYMENT_TARGET = 10.14;
				MTL_ENABLE_DEBUG_INFO = INCLUDE_SOURCE;
				MTL_FAST_MATH = YES;
				ONLY_ACTIVE_ARCH = YES;
				SDKROOT = macosx;
			};
			name = Debug;
		};
		1831BD8C22EC8A2300180F0A /* Release */ = {
			isa = XCBuildConfiguration;
			buildSettings = {
				ALWAYS_SEARCH_USER_PATHS = NO;
				CLANG_ANALYZER_NONNULL = YES;
				CLANG_ANALYZER_NUMBER_OBJECT_CONVERSION = YES_AGGRESSIVE;
				CLANG_CXX_LANGUAGE_STANDARD = "gnu++14";
				CLANG_CXX_LIBRARY = "libc++";
				CLANG_ENABLE_MODULES = YES;
				CLANG_ENABLE_OBJC_ARC = YES;
				CLANG_ENABLE_OBJC_WEAK = YES;
				CLANG_WARN_BLOCK_CAPTURE_AUTORELEASING = YES;
				CLANG_WARN_BOOL_CONVERSION = YES;
				CLANG_WARN_COMMA = YES;
				CLANG_WARN_CONSTANT_CONVERSION = YES;
				CLANG_WARN_DEPRECATED_OBJC_IMPLEMENTATIONS = YES;
				CLANG_WARN_DIRECT_OBJC_ISA_USAGE = YES_ERROR;
				CLANG_WARN_DOCUMENTATION_COMMENTS = YES;
				CLANG_WARN_EMPTY_BODY = YES;
				CLANG_WARN_ENUM_CONVERSION = YES;
				CLANG_WARN_INFINITE_RECURSION = YES;
				CLANG_WARN_INT_CONVERSION = YES;
				CLANG_WARN_NON_LITERAL_NULL_CONVERSION = YES;
				CLANG_WARN_OBJC_IMPLICIT_RETAIN_SELF = YES;
				CLANG_WARN_OBJC_LITERAL_CONVERSION = YES;
				CLANG_WARN_OBJC_ROOT_CLASS = YES_ERROR;
				CLANG_WARN_RANGE_LOOP_ANALYSIS = YES;
				CLANG_WARN_STRICT_PROTOTYPES = YES;
				CLANG_WARN_SUSPICIOUS_MOVE = YES;
				CLANG_WARN_UNGUARDED_AVAILABILITY = YES_AGGRESSIVE;
				CLANG_WARN_UNREACHABLE_CODE = YES;
				CLANG_WARN__DUPLICATE_METHOD_MATCH = YES;
				CODE_SIGN_IDENTITY = "-";
				COPY_PHASE_STRIP = NO;
				DEBUG_INFORMATION_FORMAT = "dwarf-with-dsym";
				ENABLE_NS_ASSERTIONS = NO;
				ENABLE_STRICT_OBJC_MSGSEND = YES;
				GCC_C_LANGUAGE_STANDARD = gnu11;
				GCC_NO_COMMON_BLOCKS = YES;
				GCC_WARN_64_TO_32_BIT_CONVERSION = YES;
				GCC_WARN_ABOUT_RETURN_TYPE = YES_ERROR;
				GCC_WARN_UNDECLARED_SELECTOR = YES;
				GCC_WARN_UNINITIALIZED_AUTOS = YES_AGGRESSIVE;
				GCC_WARN_UNUSED_FUNCTION = YES;
				GCC_WARN_UNUSED_VARIABLE = YES;
				MACOSX_DEPLOYMENT_TARGET = 10.14;
				MTL_ENABLE_DEBUG_INFO = NO;
				MTL_FAST_MATH = YES;
				SDKROOT = macosx;
			};
			name = Release;
		};
		1831BD8E22EC8A2300180F0A /* Debug */ = {
			isa = XCBuildConfiguration;
			buildSettings = {
				CODE_SIGN_STYLE = Automatic;
				HEADER_SEARCH_PATHS = /usr/local/Cellar/boost/1.69.0_2/include;
				PRODUCT_NAME = "$(TARGET_NAME)";
				SYSTEM_HEADER_SEARCH_PATHS = "";
				USER_HEADER_SEARCH_PATHS = "";
			};
			name = Debug;
		};
		1831BD8F22EC8A2300180F0A /* Release */ = {
			isa = XCBuildConfiguration;
			buildSettings = {
				CODE_SIGN_STYLE = Automatic;
				HEADER_SEARCH_PATHS = /usr/local/Cellar/boost/1.69.0_2/include;
				PRODUCT_NAME = "$(TARGET_NAME)";
				SYSTEM_HEADER_SEARCH_PATHS = "";
				USER_HEADER_SEARCH_PATHS = "";
			};
			name = Release;
		};
/* End XCBuildConfiguration section */

/* Begin XCConfigurationList section */
		1831BD8122EC8A2300180F0A /* Build configuration list for PBXProject "beast_practice-1" */ = {
			isa = XCConfigurationList;
			buildConfigurations = (
				1831BD8B22EC8A2300180F0A /* Debug */,
				1831BD8C22EC8A2300180F0A /* Release */,
			);
			defaultConfigurationIsVisible = 0;
			defaultConfigurationName = Release;
		};
		1831BD8D22EC8A2300180F0A /* Build configuration list for PBXNativeTarget "beast_practice-1" */ = {
			isa = XCConfigurationList;
			buildConfigurations = (
				1831BD8E22EC8A2300180F0A /* Debug */,
				1831BD8F22EC8A2300180F0A /* Release */,
			);
			defaultConfigurationIsVisible = 0;
			defaultConfigurationName = Release;
		};
/* End XCConfigurationList section */
	};
	rootObject = 1831BD7E22EC8A2300180F0A /* Project object */;
}
